# THIS IS AN AUTOGENERATED FILE. DO NOT EDIT THIS FILE DIRECTLY.
# yarn lockfile v1


console-input@^1.0.2:
  version "1.0.2"
  resolved "https://registry.yarnpkg.com/console-input/-/console-input-1.0.2.tgz#3a577f1997d0631e549ed62f833ffdd6315f2f32"
  integrity sha512-8vgJR0k0hZZAVQRu2Z2TjhFCJd+J1IVqKkncuIkk9V41opvOPTiH5cK29YMGlFJqwCF/y93qCVLeyKSipb8Evg==
  dependencies:
    readline-sync "^1.4.10"

date-fns@^2.24.0:
  version "2.24.0"
  resolved "https://registry.yarnpkg.com/date-fns/-/date-fns-2.24.0.tgz#7d86dc0d93c87b76b63d213b4413337cfd1c105d"
  integrity sha512-6ujwvwgPID6zbI0o7UbURi2vlLDR9uP26+tW6Lg+Ji3w7dd0i3DOcjcClLjLPranT60SSEFBwdSyYwn/ZkPIuw==

readline-sync@^1.4.10:
  version "1.4.10"
  resolved "https://registry.yarnpkg.com/readline-sync/-/readline-sync-1.4.10.tgz#41df7fbb4b6312d673011594145705bf56d8873b"
  integrity sha512-gNva8/6UAe8QYepIQH/jQ2qn91Qj0B9sYjMBBs3QOB8F2CXcKgLxQaJRP76sWVRQt+QU+8fAkCbCvjjMFu7Ycw==
