# THIS IS AN AUTOGENERATED FILE. DO NOT EDIT THIS FILE DIRECTLY.
# yarn lockfile v1


data-fns@^0.1.8:
  version "0.1.8"
  resolved "https://registry.yarnpkg.com/data-fns/-/data-fns-0.1.8.tgz#bfd171aabcd7cbdbb946d55f50ed2c5744b3b714"
  integrity sha512-3aC+mM92aUWsTx3lYD9el6RUZqaQceQeUw16de/cb9gyjp/CJ3yekYtsxQOYQoPAM2+kgfp1Km6zkzh5Q4+EYA==
  dependencies:
    unit-fns "^0.1.6"

date-fns@^2.24.0:
  version "2.24.0"
  resolved "https://registry.yarnpkg.com/date-fns/-/date-fns-2.24.0.tgz#7d86dc0d93c87b76b63d213b4413337cfd1c105d"
  integrity sha512-6ujwvwgPID6zbI0o7UbURi2vlLDR9uP26+tW6Lg+Ji3w7dd0i3DOcjcClLjLPranT60SSEFBwdSyYwn/ZkPIuw==

unit-fns@^0.1.6:
  version "0.1.7"
  resolved "https://registry.yarnpkg.com/unit-fns/-/unit-fns-0.1.7.tgz#7bf2663f84ff8fdc54cb976320a0b86c3a222e0d"
  integrity sha512-A6fT2bPCKjryr//T8X+euo2g9e5VRGIwOmLHb9bSasMBdKWQ+By3OwXkwTJbK8C6kUmJnbSCcJCNxJkkmKS15A==
